
Microsoft Visual Studio Solution File, Format Version 12.00
# Visual Studio Version 17
VisualStudioVersion = 17.9.34902.65
MinimumVisualStudioVersion = 10.0.40219.1
Project("{FAE04EC0-301F-11D3-BF4B-00C04F79EFBC}") = "WinForm", "WinForm\WinForm.csproj", "{FBBF5448-DB9E-4809-A87F-7BDB4CFE9DB3}"
EndProject
Project("{FAE04EC0-301F-11D3-BF4B-00C04F79EFBC}") = "exe2", "exe2\exe2.csproj", "{7234A779-35B3-43D4-869C-A8487AA082DA}"
EndProject
Project("{FAE04EC0-301F-11D3-BF4B-00C04F79EFBC}") = "exe3", "exe3\exe3.csproj", "{1FBECBE0-A023-44D0-AB17-90CB91EA834A}"
EndProject
Project("{FAE04EC0-301F-11D3-BF4B-00C04F79EFBC}") = "exe4", "exe4\exe4.csproj", "{EB750C11-2AAF-4F8F-AD7E-5A10696AD41E}"
EndProject
Project("{FAE04EC0-301F-11D3-BF4B-00C04F79EFBC}") = "exe5", "exe5\exe5.csproj", "{C19D70BF-B5F3-48D4-B965-6A45AD6B8365}"
EndProject
Project("{FAE04EC0-301F-11D3-BF4B-00C04F79EFBC}") = "exe6", "exe6\exe6.csproj", "{E8D875AA-E3E5-4959-9068-B29785CC1056}"
EndProject
Project("{FAE04EC0-301F-11D3-BF4B-00C04F79EFBC}") = "exe7", "exe7\exe7.csproj", "{807DE249-7F66-4493-A7F7-D02461AB6E83}"
EndProject
Project("{FAE04EC0-301F-11D3-BF4B-00C04F79EFBC}") = "exe8", "exe8\exe8.csproj", "{F4FE2CA6-362C-4742-B166-89E8E83B2C82}"
EndProject
Project("{FAE04EC0-301F-11D3-BF4B-00C04F79EFBC}") = "exe9", "exe9\exe9.csproj", "{524C9D11-655D-48DA-AC63-8D559374A5C7}"
EndProject
Project("{FAE04EC0-301F-11D3-BF4B-00C04F79EFBC}") = "exe10", "exe10\exe10.csproj", "{B4F6EE98-FFF1-496B-81BA-1F6399ACD7FB}"
EndProject
Global
	GlobalSection(SolutionConfigurationPlatforms) = preSolution
		Debug|Any CPU = Debug|Any CPU
		Release|Any CPU = Release|Any CPU
	EndGlobalSection
	GlobalSection(ProjectConfigurationPlatforms) = postSolution
		{FBBF5448-DB9E-4809-A87F-7BDB4CFE9DB3}.Debug|Any CPU.ActiveCfg = Debug|Any CPU
		{FBBF5448-DB9E-4809-A87F-7BDB4CFE9DB3}.Debug|Any CPU.Build.0 = Debug|Any CPU
		{FBBF5448-DB9E-4809-A87F-7BDB4CFE9DB3}.Release|Any CPU.ActiveCfg = Release|Any CPU
		{FBBF5448-DB9E-4809-A87F-7BDB4CFE9DB3}.Release|Any CPU.Build.0 = Release|Any CPU
		{7234A779-35B3-43D4-869C-A8487AA082DA}.Debug|Any CPU.ActiveCfg = Debug|Any CPU
		{7234A779-35B3-43D4-869C-A8487AA082DA}.Debug|Any CPU.Build.0 = Debug|Any CPU
		{7234A779-35B3-43D4-869C-A8487AA082DA}.Release|Any CPU.ActiveCfg = Release|Any CPU
		{7234A779-35B3-43D4-869C-A8487AA082DA}.Release|Any CPU.Build.0 = Release|Any CPU
		{1FBECBE0-A023-44D0-AB17-90CB91EA834A}.Debug|Any CPU.ActiveCfg = Debug|Any CPU
		{1FBECBE0-A023-44D0-AB17-90CB91EA834A}.Debug|Any CPU.Build.0 = Debug|Any CPU
		{1FBECBE0-A023-44D0-AB17-90CB91EA834A}.Release|Any CPU.ActiveCfg = Release|Any CPU
		{1FBECBE0-A023-44D0-AB17-90CB91EA834A}.Release|Any CPU.Build.0 = Release|Any CPU
		{EB750C11-2AAF-4F8F-AD7E-5A10696AD41E}.Debug|Any CPU.ActiveCfg = Debug|Any CPU
		{EB750C11-2AAF-4F8F-AD7E-5A10696AD41E}.Debug|Any CPU.Build.0 = Debug|Any CPU
		{EB750C11-2AAF-4F8F-AD7E-5A10696AD41E}.Release|Any CPU.ActiveCfg = Release|Any CPU
		{EB750C11-2AAF-4F8F-AD7E-5A10696AD41E}.Release|Any CPU.Build.0 = Release|Any CPU
		{C19D70BF-B5F3-48D4-B965-6A45AD6B8365}.Debug|Any CPU.ActiveCfg = Debug|Any CPU
		{C19D70BF-B5F3-48D4-B965-6A45AD6B8365}.Debug|Any CPU.Build.0 = Debug|Any CPU
		{C19D70BF-B5F3-48D4-B965-6A45AD6B8365}.Release|Any CPU.ActiveCfg = Release|Any CPU
		{C19D70BF-B5F3-48D4-B965-6A45AD6B8365}.Release|Any CPU.Build.0 = Release|Any CPU
		{E8D875AA-E3E5-4959-9068-B29785CC1056}.Debug|Any CPU.ActiveCfg = Debug|Any CPU
		{E8D875AA-E3E5-4959-9068-B29785CC1056}.Debug|Any CPU.Build.0 = Debug|Any CPU
		{E8D875AA-E3E5-4959-9068-B29785CC1056}.Release|Any CPU.ActiveCfg = Release|Any CPU
		{E8D875AA-E3E5-4959-9068-B29785CC1056}.Release|Any CPU.Build.0 = Release|Any CPU
		{807DE249-7F66-4493-A7F7-D02461AB6E83}.Debug|Any CPU.ActiveCfg = Debug|Any CPU
		{807DE249-7F66-4493-A7F7-D02461AB6E83}.Debug|Any CPU.Build.0 = Debug|Any CPU
		{807DE249-7F66-4493-A7F7-D02461AB6E83}.Release|Any CPU.ActiveCfg = Release|Any CPU
		{807DE249-7F66-4493-A7F7-D02461AB6E83}.Release|Any CPU.Build.0 = Release|Any CPU
		{F4FE2CA6-362C-4742-B166-89E8E83B2C82}.Debug|Any CPU.ActiveCfg = Debug|Any CPU
		{F4FE2CA6-362C-4742-B166-89E8E83B2C82}.Debug|Any CPU.Build.0 = Debug|Any CPU
		{F4FE2CA6-362C-4742-B166-89E8E83B2C82}.Release|Any CPU.ActiveCfg = Release|Any CPU
		{F4FE2CA6-362C-4742-B166-89E8E83B2C82}.Release|Any CPU.Build.0 = Release|Any CPU
		{524C9D11-655D-48DA-AC63-8D559374A5C7}.Debug|Any CPU.ActiveCfg = Debug|Any CPU
		{524C9D11-655D-48DA-AC63-8D559374A5C7}.Debug|Any CPU.Build.0 = Debug|Any CPU
		{524C9D11-655D-48DA-AC63-8D559374A5C7}.Release|Any CPU.ActiveCfg = Release|Any CPU
		{524C9D11-655D-48DA-AC63-8D559374A5C7}.Release|Any CPU.Build.0 = Release|Any CPU
		{B4F6EE98-FFF1-496B-81BA-1F6399ACD7FB}.Debug|Any CPU.ActiveCfg = Debug|Any CPU
		{B4F6EE98-FFF1-496B-81BA-1F6399ACD7FB}.Debug|Any CPU.Build.0 = Debug|Any CPU
		{B4F6EE98-FFF1-496B-81BA-1F6399ACD7FB}.Release|Any CPU.ActiveCfg = Release|Any CPU
		{B4F6EE98-FFF1-496B-81BA-1F6399ACD7FB}.Release|Any CPU.Build.0 = Release|Any CPU
	EndGlobalSection
	GlobalSection(SolutionProperties) = preSolution
		HideSolutionNode = FALSE
	EndGlobalSection
	GlobalSection(ExtensibilityGlobals) = postSolution
		SolutionGuid = {83A1CEAF-A97A-4491-A744-AD9BFFD6B685}
	EndGlobalSection
EndGlobal
