
Microsoft Visual Studio Solution File, Format Version 12.00
# Visual Studio Version 17
VisualStudioVersion = 17.9.34902.65
MinimumVisualStudioVersion = 10.0.40219.1
Project("{FAE04EC0-301F-11D3-BF4B-00C04F79EFBC}") = "WinForm", "WinForm\WinForm.csproj", "{FBBF5448-DB9E-4809-A87F-7BDB4CFE9DB3}"
EndProject
Project("{FAE04EC0-301F-11D3-BF4B-00C04F79EFBC}") = "exe2", "exe2\exe2.csproj", "{7234A779-35B3-43D4-869C-A8487AA082DA}"
EndProject
Project("{FAE04EC0-301F-11D3-BF4B-00C04F79EFBC}") = "exe3", "exe3\exe3.csproj", "{1FBECBE0-A023-44D0-AB17-90CB91EA834A}"
EndProject
Global
	GlobalSection(SolutionConfigurationPlatforms) = preSolution
		Debug|Any CPU = Debug|Any CPU
		Release|Any CPU = Release|Any CPU
	EndGlobalSection
	GlobalSection(ProjectConfigurationPlatforms) = postSolution
		{FBBF5448-DB9E-4809-A87F-7BDB4CFE9DB3}.Debug|Any CPU.ActiveCfg = Debug|Any CPU
		{FBBF5448-DB9E-4809-A87F-7BDB4CFE9DB3}.Debug|Any CPU.Build.0 = Debug|Any CPU
		{FBBF5448-DB9E-4809-A87F-7BDB4CFE9DB3}.Release|Any CPU.ActiveCfg = Release|Any CPU
		{FBBF5448-DB9E-4809-A87F-7BDB4CFE9DB3}.Release|Any CPU.Build.0 = Release|Any CPU
		{7234A779-35B3-43D4-869C-A8487AA082DA}.Debug|Any CPU.ActiveCfg = Debug|Any CPU
		{7234A779-35B3-43D4-869C-A8487AA082DA}.Debug|Any CPU.Build.0 = Debug|Any CPU
		{7234A779-35B3-43D4-869C-A8487AA082DA}.Release|Any CPU.ActiveCfg = Release|Any CPU
		{7234A779-35B3-43D4-869C-A8487AA082DA}.Release|Any CPU.Build.0 = Release|Any CPU
		{1FBECBE0-A023-44D0-AB17-90CB91EA834A}.Debug|Any CPU.ActiveCfg = Debug|Any CPU
		{1FBECBE0-A023-44D0-AB17-90CB91EA834A}.Debug|Any CPU.Build.0 = Debug|Any CPU
		{1FBECBE0-A023-44D0-AB17-90CB91EA834A}.Release|Any CPU.ActiveCfg = Release|Any CPU
		{1FBECBE0-A023-44D0-AB17-90CB91EA834A}.Release|Any CPU.Build.0 = Release|Any CPU
	EndGlobalSection
	GlobalSection(SolutionProperties) = preSolution
		HideSolutionNode = FALSE
	EndGlobalSection
	GlobalSection(ExtensibilityGlobals) = postSolution
		SolutionGuid = {83A1CEAF-A97A-4491-A744-AD9BFFD6B685}
	EndGlobalSection
EndGlobal
